
Microsoft Visual Studio Solution File, Format Version 12.00
# Visual Studio Version 17
VisualStudioVersion = 17.2.32526.322
MinimumVisualStudioVersion = 10.0.40219.1
Project("{FAE04EC0-301F-11D3-BF4B-00C04F79EFBC}") = "StylesAndStaticSources", "StylesAndStaticSources\StylesAndStaticSources.csproj", "{EE0943FD-87C3-4637-AEA2-24444447D224}"
EndProject
Global
	GlobalSection(SolutionConfigurationPlatforms) = preSolution
		Debug|Any CPU = Debug|Any CPU
		Release|Any CPU = Release|Any CPU
	EndGlobalSection
	GlobalSection(ProjectConfigurationPlatforms) = postSolution
		{EE0943FD-87C3-4637-AEA2-24444447D224}.Debug|Any CPU.ActiveCfg = Debug|Any CPU
		{EE0943FD-87C3-4637-AEA2-24444447D224}.Debug|Any CPU.Build.0 = Debug|Any CPU
		{EE0943FD-87C3-4637-AEA2-24444447D224}.Release|Any CPU.ActiveCfg = Release|Any CPU
		{EE0943FD-87C3-4637-AEA2-24444447D224}.Release|Any CPU.Build.0 = Release|Any CPU
	EndGlobalSection
	GlobalSection(SolutionProperties) = preSolution
		HideSolutionNode = FALSE
	EndGlobalSection
	GlobalSection(ExtensibilityGlobals) = postSolution
		SolutionGuid = {77EB1DF2-FDC9-4F04-A4E8-06EFE0D5F907}
	EndGlobalSection
EndGlobal
